
Microsoft Visual Studio Solution File, Format Version 12.00
# Visual Studio Version 16
VisualStudioVersion = 16.0.31911.196
MinimumVisualStudioVersion = 10.0.40219.1
Project("{FAE04EC0-301F-11D3-BF4B-00C04F79EFBC}") = "doser", "doser\doser.csproj", "{28037BCF-5CC7-453D-BDB1-3075D89AD628}"
EndProject
Global
	GlobalSection(SolutionConfigurationPlatforms) = preSolution
		Debug|Any CPU = Debug|Any CPU
		Release|Any CPU = Release|Any CPU
	EndGlobalSection
	GlobalSection(ProjectConfigurationPlatforms) = postSolution
		{28037BCF-5CC7-453D-BDB1-3075D89AD628}.Debug|Any CPU.ActiveCfg = Debug|Any CPU
		{28037BCF-5CC7-453D-BDB1-3075D89AD628}.Debug|Any CPU.Build.0 = Debug|Any CPU
		{28037BCF-5CC7-453D-BDB1-3075D89AD628}.Release|Any CPU.ActiveCfg = Release|Any CPU
		{28037BCF-5CC7-453D-BDB1-3075D89AD628}.Release|Any CPU.Build.0 = Release|Any CPU
	EndGlobalSection
	GlobalSection(SolutionProperties) = preSolution
		HideSolutionNode = FALSE
	EndGlobalSection
	GlobalSection(ExtensibilityGlobals) = postSolution
		SolutionGuid = {30DEA221-9F83-4391-A5AE-DCBE9F92D6B1}
	EndGlobalSection
EndGlobal
